
Microsoft Visual Studio Solution File, Format Version 12.00
# Visual Studio Version 17
VisualStudioVersion = 17.14.36327.8
MinimumVisualStudioVersion = 10.0.40219.1
Project("{FAE04EC0-301F-11D3-BF4B-00C04F79EFBC}") = "ScrumApplication", "ScrumApplication\ScrumApplication.csproj", "{B0785F9F-6073-5782-178C-60FBDBDEAE3B}"
EndProject
Project("{FAE04EC0-301F-11D3-BF4B-00C04F79EFBC}") = "ScrumApplicationTests", "ScrumApplicationTests\ScrumApplicationTests.csproj", "{3EF3C453-C217-9B41-9A3B-9646365DE39F}"
EndProject
Global
	GlobalSection(SolutionConfigurationPlatforms) = preSolution
		Debug|Any CPU = Debug|Any CPU
		Release|Any CPU = Release|Any CPU
	EndGlobalSection
	GlobalSection(ProjectConfigurationPlatforms) = postSolution
		{B0785F9F-6073-5782-178C-60FBDBDEAE3B}.Debug|Any CPU.ActiveCfg = Debug|Any CPU
		{B0785F9F-6073-5782-178C-60FBDBDEAE3B}.Debug|Any CPU.Build.0 = Debug|Any CPU
		{B0785F9F-6073-5782-178C-60FBDBDEAE3B}.Release|Any CPU.ActiveCfg = Release|Any CPU
		{B0785F9F-6073-5782-178C-60FBDBDEAE3B}.Release|Any CPU.Build.0 = Release|Any CPU
		{3EF3C453-C217-9B41-9A3B-9646365DE39F}.Debug|Any CPU.ActiveCfg = Debug|Any CPU
		{3EF3C453-C217-9B41-9A3B-9646365DE39F}.Debug|Any CPU.Build.0 = Debug|Any CPU
		{3EF3C453-C217-9B41-9A3B-9646365DE39F}.Release|Any CPU.ActiveCfg = Release|Any CPU
		{3EF3C453-C217-9B41-9A3B-9646365DE39F}.Release|Any CPU.Build.0 = Release|Any CPU
	EndGlobalSection
	GlobalSection(SolutionProperties) = preSolution
		HideSolutionNode = FALSE
	EndGlobalSection
	GlobalSection(ExtensibilityGlobals) = postSolution
		SolutionGuid = {8FE65DB5-17CA-4EB3-BB4B-FBA42705C67D}
	EndGlobalSection
EndGlobal
