
Microsoft Visual Studio Solution File, Format Version 12.00
# Visual Studio Version 17
VisualStudioVersion = 17.14.36327.8 d17.14
MinimumVisualStudioVersion = 10.0.40219.1
Project("{FAE04EC0-301F-11D3-BF4B-00C04F79EFBC}") = "ScrumApplication", "ScrumApplication.csproj", "{65320FCF-9F58-4829-9EDB-7DAC5F725200}"
EndProject
Global
	GlobalSection(SolutionConfigurationPlatforms) = preSolution
		Debug|Any CPU = Debug|Any CPU
		Release|Any CPU = Release|Any CPU
	EndGlobalSection
	GlobalSection(ProjectConfigurationPlatforms) = postSolution
		{65320FCF-9F58-4829-9EDB-7DAC5F725200}.Debug|Any CPU.ActiveCfg = Debug|Any CPU
		{65320FCF-9F58-4829-9EDB-7DAC5F725200}.Debug|Any CPU.Build.0 = Debug|Any CPU
		{65320FCF-9F58-4829-9EDB-7DAC5F725200}.Release|Any CPU.ActiveCfg = Release|Any CPU
		{65320FCF-9F58-4829-9EDB-7DAC5F725200}.Release|Any CPU.Build.0 = Release|Any CPU
	EndGlobalSection
	GlobalSection(SolutionProperties) = preSolution
		HideSolutionNode = FALSE
	EndGlobalSection
	GlobalSection(ExtensibilityGlobals) = postSolution
		SolutionGuid = {FD07D408-5BD7-4B62-8BF9-BEF218AB05A0}
	EndGlobalSection
EndGlobal
